
Microsoft Visual Studio Solution File, Format Version 12.00
# Visual Studio Version 17
VisualStudioVersion = 17.8.34322.80
MinimumVisualStudioVersion = 10.0.40219.1
Project("{FAE04EC0-301F-11D3-BF4B-00C04F79EFBC}") = "CodeSharp.Runner", "CodeSharp.Runner\CodeSharp.Runner.csproj", "{77886A3F-B2AA-4CFC-AE9E-990AB8E60596}"
EndProject
Project("{FAE04EC0-301F-11D3-BF4B-00C04F79EFBC}") = "CodeSharp.Tests", "CodeSharp.Tests\CodeSharp.Tests.csproj", "{4776C195-459C-448D-8DAB-BD80E754B77D}"
EndProject
Project("{FAE04EC0-301F-11D3-BF4B-00C04F79EFBC}") = "CodeSharp.Playground", "CodeSharp.Playground\CodeSharp.Playground.csproj", "{7110E7C7-ADB5-4557-B0B0-8EAA7DA7ADD2}"
EndProject
Global
	GlobalSection(SolutionConfigurationPlatforms) = preSolution
		Debug|Any CPU = Debug|Any CPU
		Release|Any CPU = Release|Any CPU
	EndGlobalSection
	GlobalSection(ProjectConfigurationPlatforms) = postSolution
		{77886A3F-B2AA-4CFC-AE9E-990AB8E60596}.Debug|Any CPU.ActiveCfg = Debug|Any CPU
		{77886A3F-B2AA-4CFC-AE9E-990AB8E60596}.Debug|Any CPU.Build.0 = Debug|Any CPU
		{77886A3F-B2AA-4CFC-AE9E-990AB8E60596}.Release|Any CPU.ActiveCfg = Release|Any CPU
		{77886A3F-B2AA-4CFC-AE9E-990AB8E60596}.Release|Any CPU.Build.0 = Release|Any CPU
		{4776C195-459C-448D-8DAB-BD80E754B77D}.Debug|Any CPU.ActiveCfg = Debug|Any CPU
		{4776C195-459C-448D-8DAB-BD80E754B77D}.Debug|Any CPU.Build.0 = Debug|Any CPU
		{4776C195-459C-448D-8DAB-BD80E754B77D}.Release|Any CPU.ActiveCfg = Release|Any CPU
		{4776C195-459C-448D-8DAB-BD80E754B77D}.Release|Any CPU.Build.0 = Release|Any CPU
		{7110E7C7-ADB5-4557-B0B0-8EAA7DA7ADD2}.Debug|Any CPU.ActiveCfg = Debug|Any CPU
		{7110E7C7-ADB5-4557-B0B0-8EAA7DA7ADD2}.Debug|Any CPU.Build.0 = Debug|Any CPU
		{7110E7C7-ADB5-4557-B0B0-8EAA7DA7ADD2}.Release|Any CPU.ActiveCfg = Release|Any CPU
		{7110E7C7-ADB5-4557-B0B0-8EAA7DA7ADD2}.Release|Any CPU.Build.0 = Release|Any CPU
	EndGlobalSection
	GlobalSection(SolutionProperties) = preSolution
		HideSolutionNode = FALSE
	EndGlobalSection
	GlobalSection(ExtensibilityGlobals) = postSolution
		SolutionGuid = {B3666662-8765-4B9C-BD75-6F05C9F4E51D}
	EndGlobalSection
EndGlobal
